
Microsoft Visual Studio Solution File, Format Version 11.00
# Visual Studio 2010
Project("{FAE04EC0-301F-11D3-BF4B-00C04F79EFBC}") = "DGE_scraper", "DGE_scraper.csproj", "{B766BBB4-F999-443C-B8E0-69544B728F87}"
EndProject
Global
	GlobalSection(SolutionConfigurationPlatforms) = preSolution
		Debug|x86 = Debug|x86
		Release|x86 = Release|x86
	EndGlobalSection
	GlobalSection(ProjectConfigurationPlatforms) = postSolution
		{B766BBB4-F999-443C-B8E0-69544B728F87}.Debug|x86.ActiveCfg = Debug|x86
		{B766BBB4-F999-443C-B8E0-69544B728F87}.Debug|x86.Build.0 = Debug|x86
		{B766BBB4-F999-443C-B8E0-69544B728F87}.Release|x86.ActiveCfg = Release|x86
		{B766BBB4-F999-443C-B8E0-69544B728F87}.Release|x86.Build.0 = Release|x86
	EndGlobalSection
	GlobalSection(SolutionProperties) = preSolution
		HideSolutionNode = FALSE
	EndGlobalSection
EndGlobal
